
Microsoft Visual Studio Solution File, Format Version 12.00
# Visual Studio Version 17
VisualStudioVersion = 17.8.34309.116
MinimumVisualStudioVersion = 10.0.40219.1
Project("{9A19103F-16F7-4668-BE54-9A1E7A4F7556}") = "AvaloniaTestMVVM", "AvaloniaTestMVVM.csproj", "{C8CF923C-3FC3-48A9-98CC-5674F68E9D7C}"
EndProject
Global
	GlobalSection(SolutionConfigurationPlatforms) = preSolution
		Debug|Any CPU = Debug|Any CPU
		Release|Any CPU = Release|Any CPU
	EndGlobalSection
	GlobalSection(ProjectConfigurationPlatforms) = postSolution
		{C8CF923C-3FC3-48A9-98CC-5674F68E9D7C}.Debug|Any CPU.ActiveCfg = Debug|Any CPU
		{C8CF923C-3FC3-48A9-98CC-5674F68E9D7C}.Debug|Any CPU.Build.0 = Debug|Any CPU
		{C8CF923C-3FC3-48A9-98CC-5674F68E9D7C}.Release|Any CPU.ActiveCfg = Release|Any CPU
		{C8CF923C-3FC3-48A9-98CC-5674F68E9D7C}.Release|Any CPU.Build.0 = Release|Any CPU
	EndGlobalSection
	GlobalSection(SolutionProperties) = preSolution
		HideSolutionNode = FALSE
	EndGlobalSection
	GlobalSection(ExtensibilityGlobals) = postSolution
		SolutionGuid = {D8266618-E3F7-4D3F-9F0B-2ED9B661BF67}
	EndGlobalSection
EndGlobal
